{
  "originHash" : "d317f4702df29c7d2368642662a0302e4dc6fc3ee17bae6cab71f484de0e0989",
  "pins" : [
    {
      "identity" : "symaira-appkit",
      "kind" : "remoteSourceControl",
      "location" : "https://github.com/danieljustus/symaira-appkit.git",
      "state" : {
        "revision" : "6d4645b12c24b31ac3e8f356905bb2e9148a96b9",
        "version" : "0.9.2"
      }
    }
  ],
  "version" : 3
}
