{
  "originHash" : "7f22f98833d356fe9089328eb4410ac3b0899628c152c5f8d41a55b073cbab94",
  "pins" : [
    {
      "identity" : "symaira-appkit",
      "kind" : "remoteSourceControl",
      "location" : "https://github.com/danieljustus/symaira-appkit.git",
      "state" : {
        "revision" : "ba7731d832854ac69c041c74150b7f257a4ee6a3",
        "version" : "0.2.3"
      }
    }
  ],
  "version" : 3
}
