{
  "originHash" : "ec04c85b896b8b4fcd40aee93bb799dc1e475332f8e00ffe8d6009249ac355e8",
  "pins" : [
    {
      "identity" : "symaira-appkit",
      "kind" : "remoteSourceControl",
      "location" : "https://github.com/danieljustus/symaira-appkit.git",
      "state" : {
        "revision" : "350f91658a4bb7cd12254eb433728227ce9e9bc8",
        "version" : "0.2.0"
      }
    }
  ],
  "version" : 3
}
