# This file is automatically @generated by Cargo.
# It is not intended for manual editing.
version = 4

[[package]]
name = "symeraseme-cli"
version = "0.13.0"
dependencies = [
 "symeraseme-engine",
]

[[package]]
name = "symeraseme-core"
version = "0.13.0"

[[package]]
name = "symeraseme-engine"
version = "0.13.0"
dependencies = [
 "symeraseme-core",
]
